lockVersion: 2.0.0
id: 091f072e-89b5-4c97-b605-63f1bf64ee97
management:
  docChecksum: 5444c10177a605294ef2d60f8d34d4a1
  docVersion: v1
  speakeasyVersion: 1.660.0
  generationVersion: 2.760.2
  releaseVersion: 0.7.0
  configChecksum: fd846d99d8cf08eaced873472f204ae9
  published: true
features:
  typescript:
    additionalDependencies: 0.1.0
    constsAndDefaults: 0.1.12
    core: 3.26.9
    defaultEnabledRetries: 0.1.0
    devContainers: 2.90.1
    enumUnions: 0.1.0
    envVarSecurityUsage: 0.1.2
    flattening: 2.82.1
    globalSecurity: 2.82.14
    globalSecurityCallbacks: 0.1.0
    globalSecurityFlattening: 0.1.0
    globalServerURLs: 2.83.0
    groups: 2.81.3
    mcpServer: 0.9.3
    nameOverrides: 2.81.2
    nullables: 0.1.1
    responseFormat: 0.2.3
    retries: 2.83.0
    sdkHooks: 0.3.0
    unions: 2.86.0
generatedFiles:
  - .devcontainer/README.md
  - .devcontainer/devcontainer.json
  - .devcontainer/setup.sh
  - .gitattributes
  - .npmignore
  - FUNCTIONS.md
  - RUNTIMES.md
  - USAGE.md
  - docs/lib/utils/retryconfig.md
  - docs/models/components/activatelicenserequestentity.md
  - docs/models/components/activationlimit.md
  - docs/models/components/cancelsubscriptionrequestentity.md
  - docs/models/components/cancelsubscriptionrequestentitymode.md
  - docs/models/components/checkbox.md
  - docs/models/components/checkoutentity.md
  - docs/models/components/checkoutentitycustomer.md
  - docs/models/components/checkoutentitymode.md
  - docs/models/components/checkoutentityproduct.md
  - docs/models/components/checkoutentitystatus.md
  - docs/models/components/createcheckoutrequest.md
  - docs/models/components/createcustomerportallinkrequestentity.md
  - docs/models/components/creatediscountrequestentity.md
  - docs/models/components/creatediscountrequestentityduration.md
  - docs/models/components/creatediscountrequestentitytype.md
  - docs/models/components/createproductrequestentity.md
  - docs/models/components/customer.md
  - docs/models/components/customerentity.md
  - docs/models/components/customerentitymode.md
  - docs/models/components/customerlinksentity.md
  - docs/models/components/customerlistentity.md
  - docs/models/components/customerrequestentity.md
  - docs/models/components/customfield.md
  - docs/models/components/customfieldrequestentity.md
  - docs/models/components/customfieldtype.md
  - docs/models/components/deactivatelicenserequestentity.md
  - docs/models/components/discount.md
  - docs/models/components/discountentity.md
  - docs/models/components/discountentitymode.md
  - docs/models/components/discountentitystatus.md
  - docs/models/components/discountentitytype.md
  - docs/models/components/duration.md
  - docs/models/components/expiresat.md
  - docs/models/components/featureentity.md
  - docs/models/components/instance.md
  - docs/models/components/licenseentity.md
  - docs/models/components/licenseentityinstancemode.md
  - docs/models/components/licenseentityinstancestatus.md
  - docs/models/components/licenseentitymode.md
  - docs/models/components/licenseentitystatus.md
  - docs/models/components/mode.md
  - docs/models/components/onexecute.md
  - docs/models/components/orderentity.md
  - docs/models/components/orderentitymode.md
  - docs/models/components/orderentitystatus.md
  - docs/models/components/orderentitytype.md
  - docs/models/components/paginationentity.md
  - docs/models/components/product.md
  - docs/models/components/productentity.md
  - docs/models/components/productfeatureentity.md
  - docs/models/components/productlistentity.md
  - docs/models/components/security.md
  - docs/models/components/status.md
  - docs/models/components/subscription.md
  - docs/models/components/subscriptionentity.md
  - docs/models/components/subscriptionentitymode.md
  - docs/models/components/subscriptionitementity.md
  - docs/models/components/subscriptionitementitymode.md
  - docs/models/components/text.md
  - docs/models/components/transactionentity.md
  - docs/models/components/transactionentitymode.md
  - docs/models/components/transactionlistentity.md
  - docs/models/components/type.md
  - docs/models/components/updatebehavior.md
  - docs/models/components/updatesubscriptionrequestentity.md
  - docs/models/components/upgradesubscriptionrequestentity.md
  - docs/models/components/upgradesubscriptionrequestentityupdatebehavior.md
  - docs/models/components/upsertsubscriptionitementity.md
  - docs/models/components/validatelicenserequestentity.md
  - docs/models/operations/cancelsubscriptionrequest.md
  - docs/models/operations/deletediscountrequest.md
  - docs/models/operations/gettransactionbyidrequest.md
  - docs/models/operations/listcustomersrequest.md
  - docs/models/operations/retrievecheckoutrequest.md
  - docs/models/operations/retrievecustomerrequest.md
  - docs/models/operations/retrievediscountrequest.md
  - docs/models/operations/retrieveproductrequest.md
  - docs/models/operations/retrievesubscriptionrequest.md
  - docs/models/operations/searchproductsrequest.md
  - docs/models/operations/searchtransactionsrequest.md
  - docs/models/operations/updatesubscriptionrequest.md
  - docs/models/operations/upgradesubscriptionrequest.md
  - docs/sdks/checkouts/README.md
  - docs/sdks/customers/README.md
  - docs/sdks/discounts/README.md
  - docs/sdks/licenses/README.md
  - docs/sdks/products/README.md
  - docs/sdks/subscriptions/README.md
  - docs/sdks/transactions/README.md
  - eslint.config.mjs
  - examples/.env.template
  - examples/README.md
  - examples/package.json
  - examples/productsGet.example.ts
  - jsr.json
  - package.json
  - src/core.ts
  - src/funcs/checkoutsCreate.ts
  - src/funcs/checkoutsRetrieve.ts
  - src/funcs/customersGenerateBillingLinks.ts
  - src/funcs/customersList.ts
  - src/funcs/customersRetrieve.ts
  - src/funcs/discountsCreate.ts
  - src/funcs/discountsDelete.ts
  - src/funcs/discountsGet.ts
  - src/funcs/licensesActivate.ts
  - src/funcs/licensesDeactivate.ts
  - src/funcs/licensesValidate.ts
  - src/funcs/productsCreate.ts
  - src/funcs/productsGet.ts
  - src/funcs/productsSearch.ts
  - src/funcs/subscriptionsCancel.ts
  - src/funcs/subscriptionsGet.ts
  - src/funcs/subscriptionsUpdate.ts
  - src/funcs/subscriptionsUpgrade.ts
  - src/funcs/transactionsGetById.ts
  - src/funcs/transactionsSearch.ts
  - src/hooks/hooks.ts
  - src/hooks/index.ts
  - src/hooks/types.ts
  - src/index.ts
  - src/lib/base64.ts
  - src/lib/config.ts
  - src/lib/dlv.ts
  - src/lib/encodings.ts
  - src/lib/env.ts
  - src/lib/files.ts
  - src/lib/http.ts
  - src/lib/is-plain-object.ts
  - src/lib/logger.ts
  - src/lib/matchers.ts
  - src/lib/primitives.ts
  - src/lib/retries.ts
  - src/lib/schemas.ts
  - src/lib/sdks.ts
  - src/lib/security.ts
  - src/lib/url.ts
  - src/mcp-server/build.mts
  - src/mcp-server/cli.ts
  - src/mcp-server/cli/start/command.ts
  - src/mcp-server/cli/start/impl.ts
  - src/mcp-server/console-logger.ts
  - src/mcp-server/extensions.ts
  - src/mcp-server/mcp-server.ts
  - src/mcp-server/prompts.ts
  - src/mcp-server/resources.ts
  - src/mcp-server/scopes.ts
  - src/mcp-server/server.ts
  - src/mcp-server/shared.ts
  - src/mcp-server/tools.ts
  - src/mcp-server/tools/checkoutsCreate.ts
  - src/mcp-server/tools/checkoutsRetrieve.ts
  - src/mcp-server/tools/customersGenerateBillingLinks.ts
  - src/mcp-server/tools/customersList.ts
  - src/mcp-server/tools/customersRetrieve.ts
  - src/mcp-server/tools/discountsCreate.ts
  - src/mcp-server/tools/discountsDelete.ts
  - src/mcp-server/tools/discountsGet.ts
  - src/mcp-server/tools/licensesActivate.ts
  - src/mcp-server/tools/licensesDeactivate.ts
  - src/mcp-server/tools/licensesValidate.ts
  - src/mcp-server/tools/productsCreate.ts
  - src/mcp-server/tools/productsGet.ts
  - src/mcp-server/tools/productsSearch.ts
  - src/mcp-server/tools/subscriptionsCancel.ts
  - src/mcp-server/tools/subscriptionsGet.ts
  - src/mcp-server/tools/subscriptionsUpdate.ts
  - src/mcp-server/tools/subscriptionsUpgrade.ts
  - src/mcp-server/tools/transactionsGetById.ts
  - src/mcp-server/tools/transactionsSearch.ts
  - src/models/components/activatelicenserequestentity.ts
  - src/models/components/cancelsubscriptionrequestentity.ts
  - src/models/components/checkbox.ts
  - src/models/components/checkoutentity.ts
  - src/models/components/createcheckoutrequest.ts
  - src/models/components/createcustomerportallinkrequestentity.ts
  - src/models/components/creatediscountrequestentity.ts
  - src/models/components/createproductrequestentity.ts
  - src/models/components/customerentity.ts
  - src/models/components/customerlinksentity.ts
  - src/models/components/customerlistentity.ts
  - src/models/components/customerrequestentity.ts
  - src/models/components/customfield.ts
  - src/models/components/customfieldrequestentity.ts
  - src/models/components/deactivatelicenserequestentity.ts
  - src/models/components/discountentity.ts
  - src/models/components/featureentity.ts
  - src/models/components/index.ts
  - src/models/components/licenseentity.ts
  - src/models/components/orderentity.ts
  - src/models/components/paginationentity.ts
  - src/models/components/productentity.ts
  - src/models/components/productfeatureentity.ts
  - src/models/components/productlistentity.ts
  - src/models/components/security.ts
  - src/models/components/subscriptionentity.ts
  - src/models/components/subscriptionitementity.ts
  - src/models/components/text.ts
  - src/models/components/transactionentity.ts
  - src/models/components/transactionlistentity.ts
  - src/models/components/updatesubscriptionrequestentity.ts
  - src/models/components/upgradesubscriptionrequestentity.ts
  - src/models/components/upsertsubscriptionitementity.ts
  - src/models/components/validatelicenserequestentity.ts
  - src/models/errors/apierror.ts
  - src/models/errors/creemerror.ts
  - src/models/errors/httpclienterrors.ts
  - src/models/errors/index.ts
  - src/models/errors/responsevalidationerror.ts
  - src/models/errors/sdkvalidationerror.ts
  - src/models/operations/cancelsubscription.ts
  - src/models/operations/deletediscount.ts
  - src/models/operations/gettransactionbyid.ts
  - src/models/operations/index.ts
  - src/models/operations/listcustomers.ts
  - src/models/operations/retrievecheckout.ts
  - src/models/operations/retrievecustomer.ts
  - src/models/operations/retrievediscount.ts
  - src/models/operations/retrieveproduct.ts
  - src/models/operations/retrievesubscription.ts
  - src/models/operations/searchproducts.ts
  - src/models/operations/searchtransactions.ts
  - src/models/operations/updatesubscription.ts
  - src/models/operations/upgradesubscription.ts
  - src/sdk/checkouts.ts
  - src/sdk/customers.ts
  - src/sdk/discounts.ts
  - src/sdk/index.ts
  - src/sdk/licenses.ts
  - src/sdk/products.ts
  - src/sdk/sdk.ts
  - src/sdk/subscriptions.ts
  - src/sdk/transactions.ts
  - src/types/async.ts
  - src/types/blobs.ts
  - src/types/constdatetime.ts
  - src/types/enums.ts
  - src/types/fp.ts
  - src/types/index.ts
  - src/types/operations.ts
  - src/types/rfcdate.ts
  - src/types/streams.ts
  - src/types/unrecognized.ts
  - tsconfig.json
examples:
  retrieveProduct:
    speakeasy-default-retrieve-product:
      parameters:
        query:
          product_id: "<id>"
        header:
          x-api-key: "<value>"
      responses:
        "200":
          application/json: {"id": "<id>", "mode": "test", "object": "<value>", "name": "<value>", "description": "This is a sample product description.", "image_url": "https://example.com/image.jpg", "features": [{"id": "<id>", "type": "<value>", "description": "Get access to discord server."}], "price": 400, "currency": "USD", "billing_type": "recurring", "billing_period": "every-month", "status": "<value>", "tax_mode": "inclusive", "tax_category": "[\"saas\",\"digital-goods-service\",\"ebooks\"]", "product_url": "https://creem.io/product/prod_123123123123", "default_success_url": "https://example.com/?status=successful", "created_at": "2023-01-01T00:00:00Z", "updated_at": "2023-01-01T00:00:00Z"}
  createProduct:
    speakeasy-default-create-product:
      parameters:
        header:
          x-api-key: "<value>"
      requestBody:
        application/json: {"name": "<value>", "image_url": "https://picsum.photos/200/300", "price": 400, "currency": "USD", "billing_type": "recurring", "billing_period": "every-month", "tax_mode": "inclusive", "tax_category": "[\"saas\",\"digital-goods-service\",\"ebooks\"]", "default_success_url": "https://example.com/?status=successful", "custom_field": [{"type": "text", "key": "<key>", "label": "<value>"}], "abandoned_cart_recovery_enabled": false}
      responses:
        "200":
          application/json: {"id": "<id>", "mode": "sandbox", "object": "<value>", "name": "<value>", "description": "This is a sample product description.", "image_url": "https://example.com/image.jpg", "features": [{"id": "<id>", "type": "<value>", "description": "Get access to discord server."}], "price": 400, "currency": "USD", "billing_type": "recurring", "billing_period": "every-month", "status": "<value>", "tax_mode": "inclusive", "tax_category": "[\"saas\",\"digital-goods-service\",\"ebooks\"]", "product_url": "https://creem.io/product/prod_123123123123", "default_success_url": "https://example.com/?status=successful", "created_at": "2023-01-01T00:00:00Z", "updated_at": "2023-01-01T00:00:00Z"}
  searchProducts:
    speakeasy-default-search-products:
      parameters:
        header:
          x-api-key: "<value>"
      responses:
        "200":
          application/json: {"items": [], "pagination": {"total_records": 0, "total_pages": 0, "current_page": 1, "next_page": 2, "prev_page": null}}
  listCustomers:
    speakeasy-default-list-customers:
      parameters:
        header:
          x-api-key: "<value>"
      responses:
        "200":
          application/json: {"items": [], "pagination": {"total_records": 0, "total_pages": 0, "current_page": 1, "next_page": 2, "prev_page": null}}
  retrieveCustomer:
    speakeasy-default-retrieve-customer:
      parameters:
        header:
          x-api-key: "<value>"
      responses:
        "200":
          application/json: {"id": "<id>", "mode": "sandbox", "object": "<value>", "email": "user@example.com", "name": "John Doe", "country": "US", "created_at": "2023-01-01T00:00:00Z", "updated_at": "2023-01-01T00:00:00Z"}
  generateCustomerLinks:
    speakeasy-default-generate-customer-links:
      parameters:
        header:
          x-api-key: "<value>"
      requestBody:
        application/json: {"customer_id": "<id>"}
      responses:
        "200":
          application/json: {"customer_portal_link": "<value>"}
  retrieveSubscription:
    speakeasy-default-retrieve-subscription:
      parameters:
        query:
          subscription_id: "<id>"
        header:
          x-api-key: "<value>"
      responses:
        "200":
          application/json: {"id": "<id>", "mode": "prod", "object": "subscription", "product": "Gorgeous Fresh Towels", "customer": {"id": "<id>", "mode": "test", "object": "<value>", "email": "user@example.com", "name": "John Doe", "country": "US", "created_at": "2023-01-01T00:00:00Z", "updated_at": "2023-01-01T00:00:00Z"}, "collection_method": "charge_automatically", "status": "active", "last_transaction_id": "tran_3e6Z6TzvHKdsjEgXnGDEp0", "last_transaction": {"id": "<id>", "mode": "prod", "object": "transaction", "amount": 2000, "amount_paid": 2000, "discount_amount": 2000, "currency": "USD", "type": "<value>", "tax_country": "US", "tax_amount": 2000, "status": "<value>", "refunded_amount": 2000, "created_at": 382.66}, "last_transaction_date": "2024-09-12T12:34:56Z", "next_transaction_date": "2024-09-12T12:34:56Z", "current_period_start_date": "2024-09-12T12:34:56Z", "current_period_end_date": "2024-09-12T12:34:56Z", "canceled_at": "2024-09-12T12:34:56Z", "created_at": "2024-01-01T00:00:00Z", "updated_at": "2024-09-12T12:34:56Z"}
  cancelSubscription:
    speakeasy-default-cancel-subscription:
      parameters:
        path:
          id: "<id>"
        header:
          x-api-key: "<value>"
      requestBody:
        application/json: {"mode": "immediate", "onExecute": "cancel"}
      responses:
        "200":
          application/json: {"id": "<id>", "mode": "test", "object": "subscription", "product": "Unbranded Soft Table", "customer": {"id": "<id>", "mode": "prod", "object": "<value>", "email": "user@example.com", "name": "John Doe", "country": "US", "created_at": "2023-01-01T00:00:00Z", "updated_at": "2023-01-01T00:00:00Z"}, "collection_method": "charge_automatically", "status": "active", "last_transaction_id": "tran_3e6Z6TzvHKdsjEgXnGDEp0", "last_transaction": {"id": "<id>", "mode": "sandbox", "object": "transaction", "amount": 2000, "amount_paid": 2000, "discount_amount": 2000, "currency": "USD", "type": "<value>", "tax_country": "US", "tax_amount": 2000, "status": "<value>", "refunded_amount": 2000, "created_at": 174.01}, "last_transaction_date": "2024-09-12T12:34:56Z", "next_transaction_date": "2024-09-12T12:34:56Z", "current_period_start_date": "2024-09-12T12:34:56Z", "current_period_end_date": "2024-09-12T12:34:56Z", "canceled_at": "2024-09-12T12:34:56Z", "created_at": "2024-01-01T00:00:00Z", "updated_at": "2024-09-12T12:34:56Z"}
  updateSubscription:
    speakeasy-default-update-subscription:
      parameters:
        path:
          id: "<id>"
        header:
          x-api-key: "<value>"
      requestBody:
        application/json: {"update_behavior": "proration-charge"}
      responses:
        "200":
          application/json: {"id": "<id>", "mode": "prod", "object": "subscription", "product": "Unbranded Steel Table", "customer": {"id": "<id>", "mode": "test", "object": "<value>", "email": "user@example.com", "name": "John Doe", "country": "US", "created_at": "2023-01-01T00:00:00Z", "updated_at": "2023-01-01T00:00:00Z"}, "collection_method": "charge_automatically", "status": "active", "last_transaction_id": "tran_3e6Z6TzvHKdsjEgXnGDEp0", "last_transaction": {"id": "<id>", "mode": "test", "object": "transaction", "amount": 2000, "amount_paid": 2000, "discount_amount": 2000, "currency": "USD", "type": "<value>", "tax_country": "US", "tax_amount": 2000, "status": "<value>", "refunded_amount": 2000, "created_at": 8102.12}, "last_transaction_date": "2024-09-12T12:34:56Z", "next_transaction_date": "2024-09-12T12:34:56Z", "current_period_start_date": "2024-09-12T12:34:56Z", "current_period_end_date": "2024-09-12T12:34:56Z", "canceled_at": "2024-09-12T12:34:56Z", "created_at": "2024-01-01T00:00:00Z", "updated_at": "2024-09-12T12:34:56Z"}
  upgradeSubscription:
    speakeasy-default-upgrade-subscription:
      parameters:
        path:
          id: "<id>"
        header:
          x-api-key: "<value>"
      requestBody:
        application/json: {"product_id": "prod_123", "update_behavior": "proration-charge-immediately"}
      responses:
        "200":
          application/json: {"id": "<id>", "mode": "prod", "object": "subscription", "product": "Handcrafted Cotton Towels", "customer": "<value>", "collection_method": "charge_automatically", "status": "active", "last_transaction_id": "tran_3e6Z6TzvHKdsjEgXnGDEp0", "last_transaction": {"id": "<id>", "mode": "test", "object": "transaction", "amount": 2000, "amount_paid": 2000, "discount_amount": 2000, "currency": "USD", "type": "<value>", "tax_country": "US", "tax_amount": 2000, "status": "<value>", "refunded_amount": 2000, "created_at": 1773.86}, "last_transaction_date": "2024-09-12T12:34:56Z", "next_transaction_date": "2024-09-12T12:34:56Z", "current_period_start_date": "2024-09-12T12:34:56Z", "current_period_end_date": "2024-09-12T12:34:56Z", "canceled_at": "2024-09-12T12:34:56Z", "created_at": "2024-01-01T00:00:00Z", "updated_at": "2024-09-12T12:34:56Z"}
  retrieveCheckout:
    speakeasy-default-retrieve-checkout:
      parameters:
        query:
          checkout_id: "<id>"
        header:
          x-api-key: "<value>"
      responses:
        "200":
          application/json: {"id": "<id>", "mode": "test", "object": "<value>", "status": "completed", "product": {"id": "<id>", "mode": "test", "object": "<value>", "name": "<value>", "description": "This is a sample product description.", "image_url": "https://example.com/image.jpg", "features": [{"id": "<id>", "type": "<value>", "description": "Get access to discord server."}], "price": 400, "currency": "EUR", "billing_type": "recurring", "billing_period": "every-month", "status": "<value>", "tax_mode": "inclusive", "tax_category": "saas", "product_url": "https://creem.io/product/prod_123123123123", "default_success_url": "https://example.com/?status=successful", "created_at": "2023-01-01T00:00:00Z", "updated_at": "2023-01-01T00:00:00Z"}, "units": 1, "order": {"id": "<id>", "mode": "sandbox", "object": "<value>", "product": "Unbranded Rubber Chair", "transaction": "tx_1234567890", "discount": "dis_1234567890", "amount": 2000, "sub_total": 1800, "tax_amount": 200, "discount_amount": 100, "amount_due": 1900, "amount_paid": 1900, "currency": "USD", "fx_amount": 15, "fx_currency": "EUR", "fx_rate": 1.2, "status": "pending", "type": "recurring", "created_at": "2023-09-13T00:00:00Z", "updated_at": "2023-09-13T00:00:00Z"}, "subscription": {"id": "<id>", "mode": "test", "object": "subscription", "product": "Handcrafted Metal Pizza", "customer": {"id": "<id>", "mode": "test", "object": "<value>", "email": "user@example.com", "name": "John Doe", "country": "US", "created_at": "2023-01-01T00:00:00Z", "updated_at": "2023-01-01T00:00:00Z"}, "collection_method": "charge_automatically", "status": "active", "last_transaction_id": "tran_3e6Z6TzvHKdsjEgXnGDEp0", "last_transaction": {"id": "<id>", "mode": "test", "object": "transaction", "amount": 2000, "amount_paid": 2000, "discount_amount": 2000, "currency": "EUR", "type": "<value>", "tax_country": "US", "tax_amount": 2000, "status": "<value>", "refunded_amount": 2000, "created_at": 8159.34}, "last_transaction_date": "2024-09-12T12:34:56Z", "next_transaction_date": "2024-09-12T12:34:56Z", "current_period_start_date": "2024-09-12T12:34:56Z", "current_period_end_date": "2024-09-12T12:34:56Z", "canceled_at": "2024-09-12T12:34:56Z", "created_at": "2024-01-01T00:00:00Z", "updated_at": "2024-09-12T12:34:56Z"}, "customer": "<value>", "success_url": "https://example.com/return", "feature": [{"license": {"id": "<id>", "mode": "test", "object": "<value>", "status": "active", "key": "ABC123-XYZ456-XYZ456-XYZ456", "activation": 5, "activation_limit": {}, "expires_at": {}, "created_at": "2023-09-13T00:00:00Z", "instance": {"id": "<id>", "mode": "sandbox", "object": "license-instance", "name": "My Customer License Instance", "status": "active", "created_at": "2023-09-13T00:00:00Z"}}}], "metadata": {"userId": "user_123", "visitCount": 42, "lastVisit": "2023-04-01"}}
  createCheckout:
    speakeasy-default-create-checkout:
      parameters:
        header:
          x-api-key: "<value>"
      requestBody:
        application/json: {"product_id": "prod_1234567890", "units": 1, "discount_code": "SUMMER2024", "customer": {"id": "cust_1234567890", "email": "user@example.com"}, "custom_field": [{"type": "text", "key": "<key>", "label": "<value>"}], "metadata": {"userId": "user_123", "visitCount": 42, "lastVisit": "2023-04-01"}}
      responses:
        "200":
          application/json: {"id": "<id>", "mode": "prod", "object": "<value>", "status": "completed", "product": "Generic Bronze Bike", "units": 1, "order": {"id": "<id>", "mode": "sandbox", "object": "<value>", "product": "Recycled Frozen Keyboard", "transaction": "tx_1234567890", "discount": "dis_1234567890", "amount": 2000, "sub_total": 1800, "tax_amount": 200, "discount_amount": 100, "amount_due": 1900, "amount_paid": 1900, "currency": "USD", "fx_amount": 15, "fx_currency": "EUR", "fx_rate": 1.2, "status": "pending", "type": "recurring", "created_at": "2023-09-13T00:00:00Z", "updated_at": "2023-09-13T00:00:00Z"}, "subscription": "<value>", "customer": "<value>", "success_url": "https://example.com/return", "feature": [{"license": {"id": "<id>", "mode": "test", "object": "<value>", "status": "active", "key": "ABC123-XYZ456-XYZ456-XYZ456", "activation": 5, "activation_limit": {}, "expires_at": {}, "created_at": "2023-09-13T00:00:00Z", "instance": {"id": "<id>", "mode": "sandbox", "object": "license-instance", "name": "My Customer License Instance", "status": "active", "created_at": "2023-09-13T00:00:00Z"}}}], "metadata": {"userId": "user_123", "visitCount": 42, "lastVisit": "2023-04-01"}}
  activateLicense:
    speakeasy-default-activate-license:
      parameters:
        header:
          x-api-key: "<value>"
      requestBody:
        application/json: {"key": "<key>", "instance_name": "<value>"}
      responses:
        "200":
          application/json: {"id": "<id>", "mode": "sandbox", "object": "<value>", "status": "active", "key": "ABC123-XYZ456-XYZ456-XYZ456", "activation": 5, "activation_limit": {}, "expires_at": {}, "created_at": "2023-09-13T00:00:00Z", "instance": {"id": "<id>", "mode": "test", "object": "license-instance", "name": "My Customer License Instance", "status": "active", "created_at": "2023-09-13T00:00:00Z"}}
  deactivateLicense:
    speakeasy-default-deactivate-license:
      parameters:
        header:
          x-api-key: "<value>"
      requestBody:
        application/json: {"key": "<key>", "instance_id": "<id>"}
      responses:
        "200":
          application/json: {"id": "<id>", "mode": "test", "object": "<value>", "status": "active", "key": "ABC123-XYZ456-XYZ456-XYZ456", "activation": 5, "activation_limit": {}, "expires_at": {}, "created_at": "2023-09-13T00:00:00Z", "instance": {"id": "<id>", "mode": "prod", "object": "license-instance", "name": "My Customer License Instance", "status": "active", "created_at": "2023-09-13T00:00:00Z"}}
  validateLicense:
    speakeasy-default-validate-license:
      parameters:
        header:
          x-api-key: "<value>"
      requestBody:
        application/json: {"key": "<key>", "instance_id": "<id>"}
      responses:
        "200":
          application/json: {"id": "<id>", "mode": "sandbox", "object": "<value>", "status": "active", "key": "ABC123-XYZ456-XYZ456-XYZ456", "activation": 5, "activation_limit": {}, "expires_at": {}, "created_at": "2023-09-13T00:00:00Z", "instance": {"id": "<id>", "mode": "prod", "object": "license-instance", "name": "My Customer License Instance", "status": "active", "created_at": "2023-09-13T00:00:00Z"}}
  retrieveDiscount:
    speakeasy-default-retrieve-discount:
      parameters:
        header:
          x-api-key: "<value>"
      responses:
        "200":
          application/json: {"id": "<id>", "mode": "sandbox", "object": "discount", "status": "active", "name": "Holiday Sale", "code": "HOLIDAY2024", "type": "percentage", "amount": 20, "currency": "USD", "percentage": 15, "expiry_date": "2024-12-31T23:59:59Z", "max_redemptions": 100, "duration": "repeating", "duration_in_months": 6, "applies_to_products": ["prod_123", "prod_456"], "redeem_count": 15}
  createDiscount:
    speakeasy-default-create-discount:
      parameters:
        header:
          x-api-key: "<value>"
      requestBody:
        application/json: {"name": "Holiday Sale", "code": "HOLIDAY2024", "type": "percentage", "amount": 20, "currency": "USD", "percentage": 15, "expiry_date": "2024-12-31T23:59:59Z", "max_redemptions": 100, "duration": "repeating", "duration_in_months": 6, "applies_to_products": ["prod_123", "prod_456"]}
      responses:
        "200":
          application/json: {"id": "<id>", "mode": "prod", "object": "discount", "status": "active", "name": "Holiday Sale", "code": "HOLIDAY2024", "type": "percentage", "amount": 20, "currency": "USD", "percentage": 15, "expiry_date": "2024-12-31T23:59:59Z", "max_redemptions": 100, "duration": "repeating", "duration_in_months": 6, "applies_to_products": ["prod_123", "prod_456"], "redeem_count": 15}
  deleteDiscount:
    speakeasy-default-delete-discount:
      parameters:
        path:
          id: "<id>"
        header:
          x-api-key: "<value>"
      responses:
        "200":
          application/json: {"id": "<id>", "mode": "test", "object": "discount", "status": "active", "name": "Holiday Sale", "code": "HOLIDAY2024", "type": "percentage", "amount": 20, "currency": "USD", "percentage": 15, "expiry_date": "2024-12-31T23:59:59Z", "max_redemptions": 100, "duration": "repeating", "duration_in_months": 6, "applies_to_products": ["prod_123", "prod_456"], "redeem_count": 15}
  getTransactionById:
    speakeasy-default-get-transaction-by-id:
      parameters:
        query:
          transaction_id: "<id>"
        header:
          x-api-key: "<value>"
      responses:
        "200":
          application/json: {"id": "<id>", "mode": "test", "object": "transaction", "amount": 2000, "amount_paid": 2000, "discount_amount": 2000, "currency": "USD", "type": "<value>", "tax_country": "US", "tax_amount": 2000, "status": "<value>", "refunded_amount": 2000, "created_at": 6117.34}
  searchTransactions:
    speakeasy-default-search-transactions:
      parameters:
        header:
          x-api-key: "<value>"
      responses:
        "200":
          application/json: {"items": [], "pagination": {"total_records": 0, "total_pages": 0, "current_page": 1, "next_page": 2, "prev_page": null}}
examplesVersion: 1.0.2
generatedTests: {}
