speakeasyVersion: 1.694.0
sources:
    Creem API:
        sourceNamespace: creem-api
        sourceRevisionDigest: sha256:967660ba6c1d9dcfaee6e9186707589a5bff29068e864614ea3395e4ae0391f8
        sourceBlobDigest: sha256:165e941201bf7b7250b36296c70328a8e9d0e5ef1ccf33e55547d355c7bc8968
        tags:
            - latest
            - v1
targets:
    creem:
        source: Creem API
        sourceNamespace: creem-api
        sourceRevisionDigest: sha256:967660ba6c1d9dcfaee6e9186707589a5bff29068e864614ea3395e4ae0391f8
        sourceBlobDigest: sha256:165e941201bf7b7250b36296c70328a8e9d0e5ef1ccf33e55547d355c7bc8968
        codeSamplesNamespace: creem-api-typescript-code-samples
        codeSamplesRevisionDigest: sha256:3465c5eab2ce9d2f7cd66e25df731020f1dc4012f948b5fcc8efcfb33ccef200
workflow:
    workflowVersion: 1.0.0
    speakeasyVersion: latest
    sources:
        Creem API:
            inputs:
                - location: ./openapi.json
            overlays:
                - location: .speakeasy/speakeasy-modifications-overlay.yaml
            registry:
                location: registry.speakeasyapi.dev/creem/engineering/creem-api
    targets:
        creem:
            target: typescript
            source: Creem API
            publish:
                npm:
                    token: $npm_token
            codeSamples:
                registry:
                    location: registry.speakeasyapi.dev/creem/engineering/creem-api-typescript-code-samples
                labelOverride:
                    fixedValue: Typescript (SDK)
                blocking: false
