speakeasyVersion: 1.753.0
sources:
    Creem API:
        sourceNamespace: creem-api
        sourceRevisionDigest: sha256:ff9d6c9efd8bd3c13f6424a4f94a0d5b8493fe2c40b2e487925bd725c56a3f85
        sourceBlobDigest: sha256:f6805c9525acd8a1ea219e9b4fe13b7be6182bb1a0a2696a3d5defd84c6a43d5
        tags:
            - latest
            - v1
targets:
    creem:
        source: Creem API
        sourceNamespace: creem-api
        sourceRevisionDigest: sha256:ff9d6c9efd8bd3c13f6424a4f94a0d5b8493fe2c40b2e487925bd725c56a3f85
        sourceBlobDigest: sha256:f6805c9525acd8a1ea219e9b4fe13b7be6182bb1a0a2696a3d5defd84c6a43d5
        codeSamplesNamespace: creem-api-typescript-code-samples
        codeSamplesRevisionDigest: sha256:8c1d7bac4732a6c6ae6280a9eda38a422bbf90b6327eb2277919fa8656be8c50
workflow:
    workflowVersion: 1.0.0
    speakeasyVersion: latest
    sources:
        Creem API:
            inputs:
                - location: ./openapi.json
            overlays:
                - location: .speakeasy/speakeasy-modifications-overlay.yaml
            registry:
                location: registry.speakeasyapi.dev/creem/engineering/creem-api
    targets:
        creem:
            target: typescript
            source: Creem API
            publish:
                npm:
                    token: $npm_token
            codeSamples:
                registry:
                    location: registry.speakeasyapi.dev/creem/engineering/creem-api-typescript-code-samples
                labelOverride:
                    fixedValue: Typescript (SDK)
                blocking: false
