speakeasyVersion: 1.636.1
sources:
    Creem API:
        sourceNamespace: creem-api
        sourceRevisionDigest: sha256:106461ff47bb56d88a2e300090de3a7389fc612b159f8f6e468c094773f192b8
        sourceBlobDigest: sha256:1435975958e635936f37f9a743a72a7f8f845194fa7e4b3d97cb0fb44a6567fc
        tags:
            - latest
            - v1
targets:
    creem:
        source: Creem API
        sourceNamespace: creem-api
        sourceRevisionDigest: sha256:106461ff47bb56d88a2e300090de3a7389fc612b159f8f6e468c094773f192b8
        sourceBlobDigest: sha256:1435975958e635936f37f9a743a72a7f8f845194fa7e4b3d97cb0fb44a6567fc
        codeSamplesNamespace: creem-api-typescript-code-samples
        codeSamplesRevisionDigest: sha256:73be7022a7cbf834cc1f629804269d3b31fe9d4dbfe23278ab408fd4afaa0254
workflow:
    workflowVersion: 1.0.0
    speakeasyVersion: latest
    sources:
        Creem API:
            inputs:
                - location: ./openapi.json
            registry:
                location: registry.speakeasyapi.dev/creem/engineering/creem-api
    targets:
        creem:
            target: typescript
            source: Creem API
            publish:
                npm:
                    token: $npm_token
            codeSamples:
                registry:
                    location: registry.speakeasyapi.dev/creem/engineering/creem-api-typescript-code-samples
                labelOverride:
                    fixedValue: Typescript (SDK)
                blocking: false
